{
  "nodes": {
    "nixpkgs": {
      "locked": {
        "lastModified": 1632690119,
        "narHash": "sha256-cGCXlrL+baY2j1s2FTf7Y89D/M+UZZ/H+lOpYO5zR5U=",
        "owner": "NixOS",
        "repo": "nixpkgs",
        "rev": "47fd3efed88ffd072e01af76367afcbe3ea54a86",
        "type": "github"
      },
      "original": {
        "owner": "NixOS",
        "repo": "nixpkgs",
        "type": "github"
      }
    },
    "root": {
      "inputs": {
        "nixpkgs": "nixpkgs"
      }
    }
  },
  "root": "root",
  "version": 7
}
